
Microsoft Visual Studio Solution File, Format Version 12.00
# Visual Studio Version 16
VisualStudioVersion = 16.0.31624.102
MinimumVisualStudioVersion = 10.0.40219.1
Project("{9A19103F-16F7-4668-BE54-9A1E7A4F7556}") = "EmployeeManagement", "EmployeeManagement\EmployeeManagement.csproj", "{8CED50D2-FCDD-4C6C-A697-8BCA144CBF00}"
EndProject
Project("{FAE04EC0-301F-11D3-BF4B-00C04F79EFBC}") = "EmployeeManagementLibrary", "EmployeeManagementLibrary\EmployeeManagementLibrary.csproj", "{19B1E520-4FF4-4094-A6C8-ECF2FBF1B77C}"
EndProject
Global
	GlobalSection(SolutionConfigurationPlatforms) = preSolution
		Debug|Any CPU = Debug|Any CPU
		Release|Any CPU = Release|Any CPU
	EndGlobalSection
	GlobalSection(ProjectConfigurationPlatforms) = postSolution
		{8CED50D2-FCDD-4C6C-A697-8BCA144CBF00}.Debug|Any CPU.ActiveCfg = Debug|Any CPU
		{8CED50D2-FCDD-4C6C-A697-8BCA144CBF00}.Debug|Any CPU.Build.0 = Debug|Any CPU
		{8CED50D2-FCDD-4C6C-A697-8BCA144CBF00}.Release|Any CPU.ActiveCfg = Release|Any CPU
		{8CED50D2-FCDD-4C6C-A697-8BCA144CBF00}.Release|Any CPU.Build.0 = Release|Any CPU
		{19B1E520-4FF4-4094-A6C8-ECF2FBF1B77C}.Debug|Any CPU.ActiveCfg = Debug|Any CPU
		{19B1E520-4FF4-4094-A6C8-ECF2FBF1B77C}.Debug|Any CPU.Build.0 = Debug|Any CPU
		{19B1E520-4FF4-4094-A6C8-ECF2FBF1B77C}.Release|Any CPU.ActiveCfg = Release|Any CPU
		{19B1E520-4FF4-4094-A6C8-ECF2FBF1B77C}.Release|Any CPU.Build.0 = Release|Any CPU
	EndGlobalSection
	GlobalSection(SolutionProperties) = preSolution
		HideSolutionNode = FALSE
	EndGlobalSection
	GlobalSection(ExtensibilityGlobals) = postSolution
		SolutionGuid = {7D6F9760-4A5B-409C-A6D3-99C72854646D}
	EndGlobalSection
EndGlobal
